
Microsoft Visual Studio Solution File, Format Version 12.00
# Visual Studio Version 16
VisualStudioVersion = 16.0.32002.261
MinimumVisualStudioVersion = 10.0.40219.1
Project("{8BC9CEB8-8B4A-11D0-8D11-00A0C91BC942}") = "int2bin", "int2bin\int2bin.vcxproj", "{821CB871-86ED-4A9F-A892-1A8407F80158}"
EndProject
Global
	GlobalSection(SolutionConfigurationPlatforms) = preSolution
		Debug|x64 = Debug|x64
		Debug|x86 = Debug|x86
		Release|x64 = Release|x64
		Release|x86 = Release|x86
	EndGlobalSection
	GlobalSection(ProjectConfigurationPlatforms) = postSolution
		{821CB871-86ED-4A9F-A892-1A8407F80158}.Debug|x64.ActiveCfg = Debug|x64
		{821CB871-86ED-4A9F-A892-1A8407F80158}.Debug|x64.Build.0 = Debug|x64
		{821CB871-86ED-4A9F-A892-1A8407F80158}.Debug|x86.ActiveCfg = Debug|Win32
		{821CB871-86ED-4A9F-A892-1A8407F80158}.Debug|x86.Build.0 = Debug|Win32
		{821CB871-86ED-4A9F-A892-1A8407F80158}.Release|x64.ActiveCfg = Release|x64
		{821CB871-86ED-4A9F-A892-1A8407F80158}.Release|x64.Build.0 = Release|x64
		{821CB871-86ED-4A9F-A892-1A8407F80158}.Release|x86.ActiveCfg = Release|Win32
		{821CB871-86ED-4A9F-A892-1A8407F80158}.Release|x86.Build.0 = Release|Win32
	EndGlobalSection
	GlobalSection(SolutionProperties) = preSolution
		HideSolutionNode = FALSE
	EndGlobalSection
	GlobalSection(ExtensibilityGlobals) = postSolution
		SolutionGuid = {3C2D1AA4-0A62-4619-90AD-06E290E3569F}
	EndGlobalSection
EndGlobal
